{
  "schema_version": "automation.writer_lock.v1",
  "work_order_id": "WO-AUTO-GOV-EXEC-CAPACITY-V2-01",
  "authorization_id": "AUTH-AUTO-GOV-EXEC-CAPACITY-V2-01",
  "state": "HELD",
  "scope": "AUTOMATION_BOUNDED_SINGLE_WRITER",
  "owner_work_order_id": "WO-AUTO-GOV-EXEC-CAPACITY-V2-01",
  "execution_id": "EXEC-AUTO-GOV-EXEC-CAPACITY-V2-20261006T033804Z",
  "acquired_after_eligibility_commit": "2af442fc6d154a5a62f596178f654165529b7abe",
  "competing_writer_observed": false,
  "acquired_at": "2026-10-06T03:37:37Z",
  "release_condition": [
    "DURABLE_RESULT_INTAKE",
    "EXPLICIT_RECONCILIATION",
    "PRE_EXECUTION_ABORT_WITH_GOVERNANCE_RECORD"
  ],
  "allocation_after_lock_commit": "bfabb322dd63bc622ef52dc217094c95163d8323",
  "updated_at": "2026-10-06T03:38:04Z"
}
