{
    "schema_version":  "automation.writer_lock.v1",
    "work_order_id":  "WO-AUTO-GOV-PROGRAM-1_2-ORCH-01",
    "authorization_id":  "AUTH-AUTO-GOV-PROGRAM-1_2-ORCH-01-REV4",
    "state":  "HELD_PENDING_EXECUTION_ALLOCATION",
    "scope":  "AUTOMATION_BOUNDED_SINGLE_WRITER",
    "owner_work_order_id":  "WO-AUTO-GOV-PROGRAM-1_2-ORCH-01",
    "execution_id":  null,
    "acquired_after_eligibility_commit":  [
                                              "[master e2dd43d] gov: revalidate Program V2 orchestration 5H eligibility",
                                              " 6 files changed, 687 insertions(+), 671 deletions(-)",
                                              " rewrite automation/work_orders/AUTO-GOV-PROGRAM-1_2-ORCHESTRATION.eligibility.json (99%)",
                                              " rewrite automation/work_orders/CURRENT_CODEX.yaml (99%)",
                                              " rewrite automation/work_orders/CURRENT_CODEX_TASK.md (99%)",
                                              " rewrite automation/work_orders/WO-AUTO-GOV-PROGRAM-1_2-ORCH-01.yaml (99%)",
                                              " create mode 100644 automation/work_orders/telemetry/WO-AUTO-GOV-PROGRAM-1_2-ORCH-01.manual-provider-observation.json",
                                              " rewrite automation/work_orders/telemetry/WO-AUTO-GOV-PROGRAM-1_2-ORCH-01.rolling-capacity.json (99%)",
                                              "e2dd43d784cdd631fc3dc3fdf6516605df2aeaaa"
                                          ],
    "competing_writer_observed":  false,
    "acquired_at":  "2026-10-06T11:50:02.361Z",
    "release_condition":  [
                              "DURABLE_RESULT_INTAKE",
                              "EXPLICIT_RECONCILIATION",
                              "PRE_EXECUTION_ABORT_WITH_GOVERNANCE_RECORD"
                          ]
}
