{
    "schema_version":  "automation.writer_lock.v1",
    "work_order_id":  "WO-AUTO-GOV-PROGRAM-1_2-ORCH-01",
    "authorization_id":  "AUTH-AUTO-GOV-PROGRAM-1_2-ORCH-01-REV4",
    "state":  "RELEASED_PRE_FIRST_INVOCATION_EXECUTOR_UNAVAILABLE",
    "scope":  "AUTOMATION_BOUNDED_SINGLE_WRITER",
    "owner_work_order_id":  "WO-AUTO-GOV-PROGRAM-1_2-ORCH-01",
    "execution_id":  "EXEC-AUTO-GOV-PROGRAM-1_2-ORCH-20261006T115006Z",
    "acquired_after_eligibility_commit":  "e2dd43d784cdd631fc3dc3fdf6516605df2aeaaa",
    "competing_writer_observed":  false,
    "acquired_at":  "2026-10-06T11:50:02.361Z",
    "release_condition":  [
                              "DURABLE_RESULT_INTAKE",
                              "EXPLICIT_RECONCILIATION",
                              "PRE_EXECUTION_ABORT_WITH_GOVERNANCE_RECORD"
                          ],
    "writer_acquired_commit":  "ef87ab80f86a21675c56d444cc3136e823d5e0c7",
    "execution_branch":  "auto/WO-AUTO-GOV-PROGRAM-1_2-ORCH-01",
    "allocation_after_lock_commit":  "ef03a7f418c0d18fa67aa9d2240bbd49a6827033",
    "released_at":  "2026-10-06T12:16:01.269Z",
    "release_reason":  "EXECUTOR_UNAVAILABLE_BEFORE_FIRST_INVOCATION",
    "disposition_path":  "automation/runs/EXEC-AUTO-GOV-PROGRAM-1_2-ORCH-20261006T115006Z/executor-unavailable-before-first-invocation.json"
}
