{
  "schema_version": "automation.writer_lock.v1",
  "work_order_id": "WO-AUTO-GOV-EXEC-CAPACITY-V2-RF01-01",
  "authorization_id": "AUTH-AUTO-GOV-EXEC-CAPACITY-V2-RF01-01",
  "state": "HELD",
  "scope": "AUTOMATION_BOUNDED_SINGLE_WRITER",
  "owner_work_order_id": "WO-AUTO-GOV-EXEC-CAPACITY-V2-RF01-01",
  "execution_id": "EXEC-AUTO-GOV-EXEC-CAPACITY-V2-RF01-20261006T063605Z",
  "acquired_after_eligibility_commit": "9b44cc6cb85ef960d59e10a465ed0e88500c66af",
  "competing_writer_observed": false,
  "previous_writer_release_commit": "933cd0b2a720579b465cdff1136058898658a2ce",
  "acquired_at": "2026-10-06T06:35:31.262Z",
  "release_condition": [
    "DURABLE_RESULT_INTAKE",
    "EXPLICIT_RECONCILIATION",
    "PRE_EXECUTION_ABORT_WITH_GOVERNANCE_RECORD"
  ],
  "allocation_after_lock_commit": "48997d9b72ae479f2f4fac1eb826e1c3f0afebc3",
  "updated_at": "2026-10-06T06:36:05.176Z"
}
