{
  "schema_version": "automation.writer_lock.v1",
  "work_order_id": "WO-AUTO-GOV-PROGRAM-1_2-ORCH-01",
  "authorization_id": "AUTH-AUTO-GOV-PROGRAM-1_2-ORCH-01-REV6",
  "state": "HELD",
  "scope": "AUTOMATION_BOUNDED_SINGLE_WRITER",
  "owner_work_order_id": "WO-AUTO-GOV-PROGRAM-1_2-ORCH-01",
  "executor_mode": "CODEX",
  "execution_id": "EXEC-AUTO-GOV-PROGRAM-1_2-ORCH-CODEX-20261006T145654Z",
  "acquired_after_eligibility_commit": "7e21d643114da24aeb90903acd295985ee42e194",
  "authorization_commit": "cdf086a484779ede8a2f136316a0192d30f18b2b",
  "competing_writer_observed": false,
  "previous_writer_release_commit": "e65774fcda1cfc8d498de51075efd338c198e405",
  "no_concurrent_writer_evidence": "automation/work_orders/reconciliations/EXEC-AUTO-GOV-PROGRAM-1_2-ORCH-MANUAL-20261006T122032Z/REV6.no-concurrent-writer.json",
  "acquired_at": "2026-10-06T14:55:53Z",
  "updated_at": "2026-10-06T14:56:54Z",
  "release_condition": [
    "DURABLE_RESULT_INTAKE",
    "EXPLICIT_RECONCILIATION",
    "PRE_EXECUTION_ABORT_WITH_GOVERNANCE_RECORD"
  ],
  "execution_branch": "auto/WO-AUTO-GOV-PROGRAM-1_2-ORCH-01-REV6",
  "allocation_after_lock_commit": "39d14716329f356b79a3b3c13707d0773bcf4aa0"
}
