{
  "schema_version": "automation.writer_lock.v1",
  "work_order_id": "WO-AUTO-IMP-002-REV2-RF01-01",
  "authorization_id": "AUTH-AUTO-IMP-002-REV2-RF01-01",
  "state": "HELD",
  "scope": "AUTOMATION_BOUNDED_SINGLE_WRITER",
  "owner_work_order_id": "WO-AUTO-IMP-002-REV2-RF01-01",
  "executor_mode": "CODEX",
  "execution_id": "EXEC-AUTO-IMP-002-REV2-RF01-20261007T045545Z",
  "owner_execution_id": "EXEC-AUTO-IMP-002-REV2-RF01-20261007T045545Z",
  "allocation_state": "BOUND_TO_FRESH_EXECUTION",
  "acquired_after_eligibility_commit": "62a6062c3a4c674a1b9233d15570cb732a0735fb",
  "authorization_commit": "e50d2a61666a18f12140dfeadd6dc0c8eae237fa",
  "source_baseline_sha": "6380f2ffb62686d7e2543915804940d1855f8c90",
  "scope_digest": "bf9e862393f56a843f5b50518e3441c31924bacfdfd0daaf08d00196ea1aab44",
  "competing_writer_observed": false,
  "no_concurrent_writer_evidence": "automation/work_orders/AUTO-IMP-002-REV2-RF01.eligibility.json",
  "acquired_at": "2026-10-07T04:55:32Z",
  "updated_at": "2026-10-07T04:55:45Z",
  "release_condition": [
    "DURABLE_RESULT_INTAKE",
    "EXPLICIT_RECONCILIATION",
    "PRE_EXECUTION_ABORT_WITH_GOVERNANCE_RECORD"
  ],
  "allocation_after_lock_commit": "b513a07f60160f7858ba235a3a3751fcec52e78e",
  "execution_branch": "auto/WO-AUTO-IMP-002-REV2-RF01-01"
}
